
Microsoft Visual Studio Solution File, Format Version 12.00
# Visual Studio 15
VisualStudioVersion = 15.0.28010.2036
MinimumVisualStudioVersion = 10.0.40219.1
Project("{FAE04EC0-301F-11D3-BF4B-00C04F79EFBC}") = "WebApp", "WebApp\WebApp.csproj", "{A0022BB8-1904-4053-8D67-967C44A4662D}"
EndProject
Global
	GlobalSection(SolutionConfigurationPlatforms) = preSolution
		Debug|Any CPU = Debug|Any CPU
		Release|Any CPU = Release|Any CPU
	EndGlobalSection
	GlobalSection(ProjectConfigurationPlatforms) = postSolution
		{A0022BB8-1904-4053-8D67-967C44A4662D}.Debug|Any CPU.ActiveCfg = Debug|Any CPU
		{A0022BB8-1904-4053-8D67-967C44A4662D}.Debug|Any CPU.Build.0 = Debug|Any CPU
		{A0022BB8-1904-4053-8D67-967C44A4662D}.Release|Any CPU.ActiveCfg = Release|Any CPU
		{A0022BB8-1904-4053-8D67-967C44A4662D}.Release|Any CPU.Build.0 = Release|Any CPU
	EndGlobalSection
	GlobalSection(SolutionProperties) = preSolution
		HideSolutionNode = FALSE
	EndGlobalSection
	GlobalSection(ExtensibilityGlobals) = postSolution
		SolutionGuid = {FD55B9F2-FBCA-481E-A137-48187DDB98FA}
	EndGlobalSection
EndGlobal
